// !$*UTF8*$!
{
	archiveVersion = 1;
	classes = {
	};
	objectVersion = 50;
	objects = {

/* Begin PBXBuildFile section */
		558DA9B02408A453002B8214 /* TableViewController.swift in Sources */ = {isa = PBXBuildFile; fileRef = 558DA9AF2408A453002B8214 /* TableViewController.swift */; };
		558DA9B22408A704002B8214 /* DetailViewController.swift in Sources */ = {isa = PBXBuildFile; fileRef = 558DA9B12408A704002B8214 /* DetailViewController.swift */; };
		558DA9B42408A9F8002B8214 /* CityTableViewCell.swift in Sources */ = {isa = PBXBuildFile; fileRef = 558DA9B32408A9F8002B8214 /* CityTableViewCell.swift */; };
		558DA9BF2408DC0B002B8214 /* SanFrancisco.jpg in Resources */ = {isa = PBXBuildFile; fileRef = 558DA9BB2408DC0A002B8214 /* SanFrancisco.jpg */; };
		558DA9C02408DC0B002B8214 /* Portland.jpeg in Resources */ = {isa = PBXBuildFile; fileRef = 558DA9BC2408DC0A002B8214 /* Portland.jpeg */; };
		558DA9C12408DC0B002B8214 /* NewYork.jpg in Resources */ = {isa = PBXBuildFile; fileRef = 558DA9BD2408DC0A002B8214 /* NewYork.jpg */; };
		558DA9C22408DC0B002B8214 /* Phoenix.jpg in Resources */ = {isa = PBXBuildFile; fileRef = 558DA9BE2408DC0B002B8214 /* Phoenix.jpg */; };
		558DA9C42408DC18002B8214 /* Anchorage.jpg in Resources */ = {isa = PBXBuildFile; fileRef = 558DA9C32408DC18002B8214 /* Anchorage.jpg */; };
		55AB09C2240898270016EE05 /* AppDelegate.swift in Sources */ = {isa = PBXBuildFile; fileRef = 55AB09C1240898270016EE05 /* AppDelegate.swift */; };
		55AB09C4240898270016EE05 /* SceneDelegate.swift in Sources */ = {isa = PBXBuildFile; fileRef = 55AB09C3240898270016EE05 /* SceneDelegate.swift */; };
		55AB09C9240898270016EE05 /* Main.storyboard in Resources */ = {isa = PBXBuildFile; fileRef = 55AB09C7240898270016EE05 /* Main.storyboard */; };
		55AB09CB240898340016EE05 /* Assets.xcassets in Resources */ = {isa = PBXBuildFile; fileRef = 55AB09CA240898340016EE05 /* Assets.xcassets */; };
		55AB09CE240898340016EE05 /* LaunchScreen.storyboard in Resources */ = {isa = PBXBuildFile; fileRef = 55AB09CC240898340016EE05 /* LaunchScreen.storyboard */; };
		55AB09DB240899440016EE05 /* City.swift in Sources */ = {isa = PBXBuildFile; fileRef = 55AB09DA240899440016EE05 /* City.swift */; };
		55AB09DD240899500016EE05 /* Cities.swift in Sources */ = {isa = PBXBuildFile; fileRef = 55AB09DC240899500016EE05 /* Cities.swift */; };
/* End PBXBuildFile section */

/* Begin PBXFileReference section */
		558DA9AF2408A453002B8214 /* TableViewController.swift */ = {isa = PBXFileReference; lastKnownFileType = sourcecode.swift; path = TableViewController.swift; sourceTree = "<group>"; };
		558DA9B12408A704002B8214 /* DetailViewController.swift */ = {isa = PBXFileReference; lastKnownFileType = sourcecode.swift; path = DetailViewController.swift; sourceTree = "<group>"; };
		558DA9B32408A9F8002B8214 /* CityTableViewCell.swift */ = {isa = PBXFileReference; lastKnownFileType = sourcecode.swift; path = CityTableViewCell.swift; sourceTree = "<group>"; };
		558DA9BB2408DC0A002B8214 /* SanFrancisco.jpg */ = {isa = PBXFileReference; lastKnownFileType = image.jpeg; name = SanFrancisco.jpg; path = Model/SanFrancisco.jpg; sourceTree = SOURCE_ROOT; };
		558DA9BC2408DC0A002B8214 /* Portland.jpeg */ = {isa = PBXFileReference; lastKnownFileType = image.jpeg; name = Portland.jpeg; path = Model/Portland.jpeg; sourceTree = SOURCE_ROOT; };
		558DA9BD2408DC0A002B8214 /* NewYork.jpg */ = {isa = PBXFileReference; lastKnownFileType = image.jpeg; name = NewYork.jpg; path = Model/NewYork.jpg; sourceTree = SOURCE_ROOT; };
		558DA9BE2408DC0B002B8214 /* Phoenix.jpg */ = {isa = PBXFileReference; lastKnownFileType = image.jpeg; name = Phoenix.jpg; path = Model/Phoenix.jpg; sourceTree = SOURCE_ROOT; };
		558DA9C32408DC18002B8214 /* Anchorage.jpg */ = {isa = PBXFileReference; lastKnownFileType = image.jpeg; name = Anchorage.jpg; path = Model/Anchorage.jpg; sourceTree = SOURCE_ROOT; };
		55AB09BE240898270016EE05 /* lab6.app */ = {isa = PBXFileReference; explicitFileType = wrapper.application; includeInIndex = 0; path = lab6.app; sourceTree = BUILT_PRODUCTS_DIR; };
		55AB09C1240898270016EE05 /* AppDelegate.swift */ = {isa = PBXFileReference; lastKnownFileType = sourcecode.swift; path = AppDelegate.swift; sourceTree = "<group>"; };
		55AB09C3240898270016EE05 /* SceneDelegate.swift */ = {isa = PBXFileReference; lastKnownFileType = sourcecode.swift; path = SceneDelegate.swift; sourceTree = "<group>"; };
		55AB09C8240898270016EE05 /* Base */ = {isa = PBXFileReference; lastKnownFileType = file.storyboard; name = Base; path = Base.lproj/Main.storyboard; sourceTree = "<group>"; };
		55AB09CA240898340016EE05 /* Assets.xcassets */ = {isa = PBXFileReference; lastKnownFileType = folder.assetcatalog; path = Assets.xcassets; sourceTree = "<group>"; };
		55AB09CD240898340016EE05 /* Base */ = {isa = PBXFileReference; lastKnownFileType = file.storyboard; name = Base; path = Base.lproj/LaunchScreen.storyboard; sourceTree = "<group>"; };
		55AB09CF240898340016EE05 /* Info.plist */ = {isa = PBXFileReference; lastKnownFileType = text.plist.xml; path = Info.plist; sourceTree = "<group>"; };
		55AB09DA240899440016EE05 /* City.swift */ = {isa = PBXFileReference; lastKnownFileType = sourcecode.swift; path = City.swift; sourceTree = "<group>"; };
		55AB09DC240899500016EE05 /* Cities.swift */ = {isa = PBXFileReference; lastKnownFileType = sourcecode.swift; path = Cities.swift; sourceTree = "<group>"; };
/* End PBXFileReference section */

/* Begin PBXFrameworksBuildPhase section */
		55AB09BB240898270016EE05 /* Frameworks */ = {
			isa = PBXFrameworksBuildPhase;
			buildActionMask = 2147483647;
			files = (
			);
			runOnlyForDeploymentPostprocessing = 0;
		};
/* End PBXFrameworksBuildPhase section */

/* Begin PBXGroup section */
		55AB09B5240898270016EE05 = {
			isa = PBXGroup;
			children = (
				55AB09D5240898A70016EE05 /* Model */,
				55AB09C0240898270016EE05 /* lab6 */,
				55AB09BF240898270016EE05 /* Products */,
			);
			sourceTree = "<group>";
		};
		55AB09BF240898270016EE05 /* Products */ = {
			isa = PBXGroup;
			children = (
				55AB09BE240898270016EE05 /* lab6.app */,
			);
			name = Products;
			sourceTree = "<group>";
		};
		55AB09C0240898270016EE05 /* lab6 */ = {
			isa = PBXGroup;
			children = (
				558DA9C32408DC18002B8214 /* Anchorage.jpg */,
				558DA9BD2408DC0A002B8214 /* NewYork.jpg */,
				558DA9BE2408DC0B002B8214 /* Phoenix.jpg */,
				558DA9BC2408DC0A002B8214 /* Portland.jpeg */,
				558DA9BB2408DC0A002B8214 /* SanFrancisco.jpg */,
				55AB09C1240898270016EE05 /* AppDelegate.swift */,
				55AB09C3240898270016EE05 /* SceneDelegate.swift */,
				558DA9AF2408A453002B8214 /* TableViewController.swift */,
				55AB09C7240898270016EE05 /* Main.storyboard */,
				558DA9B12408A704002B8214 /* DetailViewController.swift */,
				558DA9B32408A9F8002B8214 /* CityTableViewCell.swift */,
				55AB09CA240898340016EE05 /* Assets.xcassets */,
				55AB09CC240898340016EE05 /* LaunchScreen.storyboard */,
				55AB09CF240898340016EE05 /* Info.plist */,
			);
			path = lab6;
			sourceTree = "<group>";
		};
		55AB09D5240898A70016EE05 /* Model */ = {
			isa = PBXGroup;
			children = (
				55AB09DA240899440016EE05 /* City.swift */,
				55AB09DC240899500016EE05 /* Cities.swift */,
			);
			path = Model;
			sourceTree = "<group>";
		};
/* End PBXGroup section */

/* Begin PBXNativeTarget section */
		55AB09BD240898270016EE05 /* lab6 */ = {
			isa = PBXNativeTarget;
			buildConfigurationList = 55AB09D2240898340016EE05 /* Build configuration list for PBXNativeTarget "lab6" */;
			buildPhases = (
				55AB09BA240898270016EE05 /* Sources */,
				55AB09BB240898270016EE05 /* Frameworks */,
				55AB09BC240898270016EE05 /* Resources */,
			);
			buildRules = (
			);
			dependencies = (
			);
			name = lab6;
			productName = lab4;
			productReference = 55AB09BE240898270016EE05 /* lab6.app */;
			productType = "com.apple.product-type.application";
		};
/* End PBXNativeTarget section */

/* Begin PBXProject section */
		55AB09B6240898270016EE05 /* Project object */ = {
			isa = PBXProject;
			attributes = {
				LastSwiftUpdateCheck = 1130;
				LastUpgradeCheck = 1130;
				ORGANIZATIONNAME = "Hunter Bowman";
				TargetAttributes = {
					55AB09BD240898270016EE05 = {
						CreatedOnToolsVersion = 11.3.1;
					};
				};
			};
			buildConfigurationList = 55AB09B9240898270016EE05 /* Build configuration list for PBXProject "lab6" */;
			compatibilityVersion = "Xcode 9.3";
			developmentRegion = en;
			hasScannedForEncodings = 0;
			knownRegions = (
				en,
				Base,
			);
			mainGroup = 55AB09B5240898270016EE05;
			productRefGroup = 55AB09BF240898270016EE05 /* Products */;
			projectDirPath = "";
			projectRoot = "";
			targets = (
				55AB09BD240898270016EE05 /* lab6 */,
			);
		};
/* End PBXProject section */

/* Begin PBXResourcesBuildPhase section */
		55AB09BC240898270016EE05 /* Resources */ = {
			isa = PBXResourcesBuildPhase;
			buildActionMask = 2147483647;
			files = (
				55AB09CE240898340016EE05 /* LaunchScreen.storyboard in Resources */,
				558DA9BF2408DC0B002B8214 /* SanFrancisco.jpg in Resources */,
				55AB09CB240898340016EE05 /* Assets.xcassets in Resources */,
				558DA9C22408DC0B002B8214 /* Phoenix.jpg in Resources */,
				558DA9C42408DC18002B8214 /* Anchorage.jpg in Resources */,
				558DA9C12408DC0B002B8214 /* NewYork.jpg in Resources */,
				55AB09C9240898270016EE05 /* Main.storyboard in Resources */,
				558DA9C02408DC0B002B8214 /* Portland.jpeg in Resources */,
			);
			runOnlyForDeploymentPostprocessing = 0;
		};
/* End PBXResourcesBuildPhase section */

/* Begin PBXSourcesBuildPhase section */
		55AB09BA240898270016EE05 /* Sources */ = {
			isa = PBXSourcesBuildPhase;
			buildActionMask = 2147483647;
			files = (
				55AB09DD240899500016EE05 /* Cities.swift in Sources */,
				558DA9B42408A9F8002B8214 /* CityTableViewCell.swift in Sources */,
				55AB09C2240898270016EE05 /* AppDelegate.swift in Sources */,
				55AB09DB240899440016EE05 /* City.swift in Sources */,
				558DA9B22408A704002B8214 /* DetailViewController.swift in Sources */,
				558DA9B02408A453002B8214 /* TableViewController.swift in Sources */,
				55AB09C4240898270016EE05 /* SceneDelegate.swift in Sources */,
			);
			runOnlyForDeploymentPostprocessing = 0;
		};
/* End PBXSourcesBuildPhase section */

/* Begin PBXVariantGroup section */
		55AB09C7240898270016EE05 /* Main.storyboard */ = {
			isa = PBXVariantGroup;
			children = (
				55AB09C8240898270016EE05 /* Base */,
			);
			name = Main.storyboard;
			sourceTree = "<group>";
		};
		55AB09CC240898340016EE05 /* LaunchScreen.storyboard */ = {
			isa = PBXVariantGroup;
			children = (
				55AB09CD240898340016EE05 /* Base */,
			);
			name = LaunchScreen.storyboard;
			sourceTree = "<group>";
		};
/* End PBXVariantGroup section */

/* Begin XCBuildConfiguration section */
		55AB09D0240898340016EE05 /* Debug */ = {
			isa = XCBuildConfiguration;
			buildSettings = {
				ALWAYS_SEARCH_USER_PATHS = NO;
				CLANG_ANALYZER_NONNULL = YES;
				CLANG_ANALYZER_NUMBER_OBJECT_CONVERSION = YES_AGGRESSIVE;
				CLANG_CXX_LANGUAGE_STANDARD = "gnu++14";
				CLANG_CXX_LIBRARY = "libc++";
				CLANG_ENABLE_MODULES = YES;
				CLANG_ENABLE_OBJC_ARC = YES;
				CLANG_ENABLE_OBJC_WEAK = YES;
				CLANG_WARN_BLOCK_CAPTURE_AUTORELEASING = YES;
				CLANG_WARN_BOOL_CONVERSION = YES;
				CLANG_WARN_COMMA = YES;
				CLANG_WARN_CONSTANT_CONVERSION = YES;
				CLANG_WARN_DEPRECATED_OBJC_IMPLEMENTATIONS = YES;
				CLANG_WARN_DIRECT_OBJC_ISA_USAGE = YES_ERROR;
				CLANG_WARN_DOCUMENTATION_COMMENTS = YES;
				CLANG_WARN_EMPTY_BODY = YES;
				CLANG_WARN_ENUM_CONVERSION = YES;
				CLANG_WARN_INFINITE_RECURSION = YES;
				CLANG_WARN_INT_CONVERSION = YES;
				CLANG_WARN_NON_LITERAL_NULL_CONVERSION = YES;
				CLANG_WARN_OBJC_IMPLICIT_RETAIN_SELF = YES;
				CLANG_WARN_OBJC_LITERAL_CONVERSION = YES;
				CLANG_WARN_OBJC_ROOT_CLASS = YES_ERROR;
				CLANG_WARN_RANGE_LOOP_ANALYSIS = YES;
				CLANG_WARN_STRICT_PROTOTYPES = YES;
				CLANG_WARN_SUSPICIOUS_MOVE = YES;
				CLANG_WARN_UNGUARDED_AVAILABILITY = YES_AGGRESSIVE;
				CLANG_WARN_UNREACHABLE_CODE = YES;
				CLANG_WARN__DUPLICATE_METHOD_MATCH = YES;
				COPY_PHASE_STRIP = NO;
				DEBUG_INFORMATION_FORMAT = dwarf;
				ENABLE_STRICT_OBJC_MSGSEND = YES;
				ENABLE_TESTABILITY = YES;
				GCC_C_LANGUAGE_STANDARD = gnu11;
				GCC_DYNAMIC_NO_PIC = NO;
				GCC_NO_COMMON_BLOCKS = YES;
				GCC_OPTIMIZATION_LEVEL = 0;
				GCC_PREPROCESSOR_DEFINITIONS = (
					"DEBUG=1",
					"$(inherited)",
				);
				GCC_WARN_64_TO_32_BIT_CONVERSION = YES;
				GCC_WARN_ABOUT_RETURN_TYPE = YES_ERROR;
				GCC_WARN_UNDECLARED_SELECTOR = YES;
				GCC_WARN_UNINITIALIZED_AUTOS = YES_AGGRESSIVE;
				GCC_WARN_UNUSED_FUNCTION = YES;
				GCC_WARN_UNUSED_VARIABLE = YES;
				IPHONEOS_DEPLOYMENT_TARGET = 13.2;
				MTL_ENABLE_DEBUG_INFO = INCLUDE_SOURCE;
				MTL_FAST_MATH = YES;
				ONLY_ACTIVE_ARCH = YES;
				SDKROOT = iphoneos;
				SWIFT_ACTIVE_COMPILATION_CONDITIONS = DEBUG;
				SWIFT_OPTIMIZATION_LEVEL = "-Onone";
			};
			name = Debug;
		};
		55AB09D1240898340016EE05 /* Release */ = {
			isa = XCBuildConfiguration;
			buildSettings = {
				ALWAYS_SEARCH_USER_PATHS = NO;
				CLANG_ANALYZER_NONNULL = YES;
				CLANG_ANALYZER_NUMBER_OBJECT_CONVERSION = YES_AGGRESSIVE;
				CLANG_CXX_LANGUAGE_STANDARD = "gnu++14";
				CLANG_CXX_LIBRARY = "libc++";
				CLANG_ENABLE_MODULES = YES;
				CLANG_ENABLE_OBJC_ARC = YES;
				CLANG_ENABLE_OBJC_WEAK = YES;
				CLANG_WARN_BLOCK_CAPTURE_AUTORELEASING = YES;
				CLANG_WARN_BOOL_CONVERSION = YES;
				CLANG_WARN_COMMA = YES;
				CLANG_WARN_CONSTANT_CONVERSION = YES;
				CLANG_WARN_DEPRECATED_OBJC_IMPLEMENTATIONS = YES;
				CLANG_WARN_DIRECT_OBJC_ISA_USAGE = YES_ERROR;
				CLANG_WARN_DOCUMENTATION_COMMENTS = YES;
				CLANG_WARN_EMPTY_BODY = YES;
				CLANG_WARN_ENUM_CONVERSION = YES;
				CLANG_WARN_INFINITE_RECURSION = YES;
				CLANG_WARN_INT_CONVERSION = YES;
				CLANG_WARN_NON_LITERAL_NULL_CONVERSION = YES;
				CLANG_WARN_OBJC_IMPLICIT_RETAIN_SELF = YES;
				CLANG_WARN_OBJC_LITERAL_CONVERSION = YES;
				CLANG_WARN_OBJC_ROOT_CLASS = YES_ERROR;
				CLANG_WARN_RANGE_LOOP_ANALYSIS = YES;
				CLANG_WARN_STRICT_PROTOTYPES = YES;
				CLANG_WARN_SUSPICIOUS_MOVE = YES;
				CLANG_WARN_UNGUARDED_AVAILABILITY = YES_AGGRESSIVE;
				CLANG_WARN_UNREACHABLE_CODE = YES;
				CLANG_WARN__DUPLICATE_METHOD_MATCH = YES;
				COPY_PHASE_STRIP = NO;
				DEBUG_INFORMATION_FORMAT = "dwarf-with-dsym";
				ENABLE_NS_ASSERTIONS = NO;
				ENABLE_STRICT_OBJC_MSGSEND = YES;
				GCC_C_LANGUAGE_STANDARD = gnu11;
				GCC_NO_COMMON_BLOCKS = YES;
				GCC_WARN_64_TO_32_BIT_CONVERSION = YES;
				GCC_WARN_ABOUT_RETURN_TYPE = YES_ERROR;
				GCC_WARN_UNDECLARED_SELECTOR = YES;
				GCC_WARN_UNINITIALIZED_AUTOS = YES_AGGRESSIVE;
				GCC_WARN_UNUSED_FUNCTION = YES;
				GCC_WARN_UNUSED_VARIABLE = YES;
				IPHONEOS_DEPLOYMENT_TARGET = 13.2;
				MTL_ENABLE_DEBUG_INFO = NO;
				MTL_FAST_MATH = YES;
				SDKROOT = iphoneos;
				SWIFT_COMPILATION_MODE = wholemodule;
				SWIFT_OPTIMIZATION_LEVEL = "-O";
				VALIDATE_PRODUCT = YES;
			};
			name = Release;
		};
		55AB09D3240898340016EE05 /* Debug */ = {
			isa = XCBuildConfiguration;
			buildSettings = {
				ASSETCATALOG_COMPILER_APPICON_NAME = AppIcon;
				CODE_SIGN_STYLE = Automatic;
				DEVELOPMENT_TEAM = F3MQX39TPJ;
				INFOPLIST_FILE = lab6/Info.plist;
				LD_RUNPATH_SEARCH_PATHS = (
					"$(inherited)",
					"@executable_path/Frameworks",
				);
				PRODUCT_BUNDLE_IDENTIFIER = edu.asu.hcbowman.lab6;
				PRODUCT_NAME = "$(TARGET_NAME)";
				SWIFT_VERSION = 5.0;
				TARGETED_DEVICE_FAMILY = "1,2";
			};
			name = Debug;
		};
		55AB09D4240898340016EE05 /* Release */ = {
			isa = XCBuildConfiguration;
			buildSettings = {
				ASSETCATALOG_COMPILER_APPICON_NAME = AppIcon;
				CODE_SIGN_STYLE = Automatic;
				DEVELOPMENT_TEAM = F3MQX39TPJ;
				INFOPLIST_FILE = lab6/Info.plist;
				LD_RUNPATH_SEARCH_PATHS = (
					"$(inherited)",
					"@executable_path/Frameworks",
				);
				PRODUCT_BUNDLE_IDENTIFIER = edu.asu.hcbowman.lab6;
				PRODUCT_NAME = "$(TARGET_NAME)";
				SWIFT_VERSION = 5.0;
				TARGETED_DEVICE_FAMILY = "1,2";
			};
			name = Release;
		};
/* End XCBuildConfiguration section */

/* Begin XCConfigurationList section */
		55AB09B9240898270016EE05 /* Build configuration list for PBXProject "lab6" */ = {
			isa = XCConfigurationList;
			buildConfigurations = (
				55AB09D0240898340016EE05 /* Debug */,
				55AB09D1240898340016EE05 /* Release */,
			);
			defaultConfigurationIsVisible = 0;
			defaultConfigurationName = Release;
		};
		55AB09D2240898340016EE05 /* Build configuration list for PBXNativeTarget "lab6" */ = {
			isa = XCConfigurationList;
			buildConfigurations = (
				55AB09D3240898340016EE05 /* Debug */,
				55AB09D4240898340016EE05 /* Release */,
			);
			defaultConfigurationIsVisible = 0;
			defaultConfigurationName = Release;
		};
/* End XCConfigurationList section */
	};
	rootObject = 55AB09B6240898270016EE05 /* Project object */;
}
